
Microsoft Visual Studio Solution File, Format Version 11.00
# Visual Studio 2010
Project("{FAE04EC0-301F-11D3-BF4B-00C04F79EFBC}") = "VuforiaScripts", "VuforiaScripts.csproj", "{8896A8EC-E8A6-F1E4-B423-B43C11751E18}"
EndProject
Project("{FAE04EC0-301F-11D3-BF4B-00C04F79EFBC}") = "Assembly-CSharp-firstpass", "Assembly-CSharp-firstpass.csproj", "{4B885068-2F96-E9EF-C85F-1F20F72C3D23}"
EndProject
Project("{FAE04EC0-301F-11D3-BF4B-00C04F79EFBC}") = "Assembly-CSharp", "Assembly-CSharp.csproj", "{31523166-3A10-4279-B145-E4DB261B225E}"
EndProject
Project("{FAE04EC0-301F-11D3-BF4B-00C04F79EFBC}") = "VuforiaEditorScripts", "VuforiaEditorScripts.csproj", "{FE490CD5-5B97-76C4-B566-C93066EBDE06}"
EndProject
Global
	GlobalSection(SolutionConfigurationPlatforms) = preSolution
		Debug|Any CPU = Debug|Any CPU
		Release|Any CPU = Release|Any CPU
	EndGlobalSection
	GlobalSection(ProjectConfigurationPlatforms) = postSolution
		{8896A8EC-E8A6-F1E4-B423-B43C11751E18}.Debug|Any CPU.ActiveCfg = Debug|Any CPU
		{8896A8EC-E8A6-F1E4-B423-B43C11751E18}.Debug|Any CPU.Build.0 = Debug|Any CPU
		{8896A8EC-E8A6-F1E4-B423-B43C11751E18}.Release|Any CPU.ActiveCfg = Release|Any CPU
		{8896A8EC-E8A6-F1E4-B423-B43C11751E18}.Release|Any CPU.Build.0 = Release|Any CPU
		{4B885068-2F96-E9EF-C85F-1F20F72C3D23}.Debug|Any CPU.ActiveCfg = Debug|Any CPU
		{4B885068-2F96-E9EF-C85F-1F20F72C3D23}.Debug|Any CPU.Build.0 = Debug|Any CPU
		{4B885068-2F96-E9EF-C85F-1F20F72C3D23}.Release|Any CPU.ActiveCfg = Release|Any CPU
		{4B885068-2F96-E9EF-C85F-1F20F72C3D23}.Release|Any CPU.Build.0 = Release|Any CPU
		{31523166-3A10-4279-B145-E4DB261B225E}.Debug|Any CPU.ActiveCfg = Debug|Any CPU
		{31523166-3A10-4279-B145-E4DB261B225E}.Debug|Any CPU.Build.0 = Debug|Any CPU
		{31523166-3A10-4279-B145-E4DB261B225E}.Release|Any CPU.ActiveCfg = Release|Any CPU
		{31523166-3A10-4279-B145-E4DB261B225E}.Release|Any CPU.Build.0 = Release|Any CPU
		{FE490CD5-5B97-76C4-B566-C93066EBDE06}.Debug|Any CPU.ActiveCfg = Debug|Any CPU
		{FE490CD5-5B97-76C4-B566-C93066EBDE06}.Debug|Any CPU.Build.0 = Debug|Any CPU
		{FE490CD5-5B97-76C4-B566-C93066EBDE06}.Release|Any CPU.ActiveCfg = Release|Any CPU
		{FE490CD5-5B97-76C4-B566-C93066EBDE06}.Release|Any CPU.Build.0 = Release|Any CPU
	EndGlobalSection
	GlobalSection(SolutionProperties) = preSolution
		HideSolutionNode = FALSE
	EndGlobalSection
	GlobalSection(MonoDevelopProperties) = preSolution
		StartupItem = Assembly-CSharp.csproj
	EndGlobalSection
EndGlobal
